// !$*UTF8*$!
{
	archiveVersion = 1;
	classes = {
	};
	objectVersion = 50;
	objects = {

/* Begin PBXBuildFile section */
		331D3D512459144000687CF8 /* AppDelegate.swift in Sources */ = {isa = PBXBuildFile; fileRef = 331D3D502459144000687CF8 /* AppDelegate.swift */; };
		331D3D532459144000687CF8 /* SceneDelegate.swift in Sources */ = {isa = PBXBuildFile; fileRef = 331D3D522459144000687CF8 /* SceneDelegate.swift */; };
		331D3D552459144000687CF8 /* ViewController.swift in Sources */ = {isa = PBXBuildFile; fileRef = 331D3D542459144000687CF8 /* ViewController.swift */; };
		331D3D582459144000687CF8 /* Main.storyboard in Resources */ = {isa = PBXBuildFile; fileRef = 331D3D562459144000687CF8 /* Main.storyboard */; };
		331D3D5A2459144200687CF8 /* Assets.xcassets in Resources */ = {isa = PBXBuildFile; fileRef = 331D3D592459144200687CF8 /* Assets.xcassets */; };
		331D3D5D2459144200687CF8 /* LaunchScreen.storyboard in Resources */ = {isa = PBXBuildFile; fileRef = 331D3D5B2459144200687CF8 /* LaunchScreen.storyboard */; };
		331D3D652459147900687CF8 /* SwiftyBenches.swift in Sources */ = {isa = PBXBuildFile; fileRef = 331D3D642459147900687CF8 /* SwiftyBenches.swift */; };
		331D3D6B245914A300687CF8 /* ObbyBenches.m in Sources */ = {isa = PBXBuildFile; fileRef = 331D3D6A245914A300687CF8 /* ObbyBenches.m */; };
/* End PBXBuildFile section */

/* Begin PBXFileReference section */
		331D3D4D2459144000687CF8 /* LanguageBenchmarks.app */ = {isa = PBXFileReference; explicitFileType = wrapper.application; includeInIndex = 0; path = LanguageBenchmarks.app; sourceTree = BUILT_PRODUCTS_DIR; };
		331D3D502459144000687CF8 /* AppDelegate.swift */ = {isa = PBXFileReference; lastKnownFileType = sourcecode.swift; path = AppDelegate.swift; sourceTree = "<group>"; };
		331D3D522459144000687CF8 /* SceneDelegate.swift */ = {isa = PBXFileReference; lastKnownFileType = sourcecode.swift; path = SceneDelegate.swift; sourceTree = "<group>"; };
		331D3D542459144000687CF8 /* ViewController.swift */ = {isa = PBXFileReference; lastKnownFileType = sourcecode.swift; path = ViewController.swift; sourceTree = "<group>"; };
		331D3D572459144000687CF8 /* Base */ = {isa = PBXFileReference; lastKnownFileType = file.storyboard; name = Base; path = Base.lproj/Main.storyboard; sourceTree = "<group>"; };
		331D3D592459144200687CF8 /* Assets.xcassets */ = {isa = PBXFileReference; lastKnownFileType = folder.assetcatalog; path = Assets.xcassets; sourceTree = "<group>"; };
		331D3D5C2459144200687CF8 /* Base */ = {isa = PBXFileReference; lastKnownFileType = file.storyboard; name = Base; path = Base.lproj/LaunchScreen.storyboard; sourceTree = "<group>"; };
		331D3D5E2459144200687CF8 /* Info.plist */ = {isa = PBXFileReference; lastKnownFileType = text.plist.xml; path = Info.plist; sourceTree = "<group>"; };
		331D3D642459147900687CF8 /* SwiftyBenches.swift */ = {isa = PBXFileReference; lastKnownFileType = sourcecode.swift; path = SwiftyBenches.swift; sourceTree = "<group>"; };
		331D3D68245914A300687CF8 /* LanguageBenchmarks-Bridging-Header.h */ = {isa = PBXFileReference; lastKnownFileType = sourcecode.c.h; path = "LanguageBenchmarks-Bridging-Header.h"; sourceTree = "<group>"; };
		331D3D69245914A300687CF8 /* ObbyBenches.h */ = {isa = PBXFileReference; lastKnownFileType = sourcecode.c.h; path = ObbyBenches.h; sourceTree = "<group>"; };
		331D3D6A245914A300687CF8 /* ObbyBenches.m */ = {isa = PBXFileReference; lastKnownFileType = sourcecode.c.objc; path = ObbyBenches.m; sourceTree = "<group>"; };
/* End PBXFileReference section */

/* Begin PBXFrameworksBuildPhase section */
		331D3D4A2459144000687CF8 /* Frameworks */ = {
			isa = PBXFrameworksBuildPhase;
			buildActionMask = 2147483647;
			files = (
			);
			runOnlyForDeploymentPostprocessing = 0;
		};
/* End PBXFrameworksBuildPhase section */

/* Begin PBXGroup section */
		331D3D442459144000687CF8 = {
			isa = PBXGroup;
			children = (
				331D3D4F2459144000687CF8 /* LanguageBenchmarks */,
				331D3D4E2459144000687CF8 /* Products */,
			);
			sourceTree = "<group>";
		};
		331D3D4E2459144000687CF8 /* Products */ = {
			isa = PBXGroup;
			children = (
				331D3D4D2459144000687CF8 /* LanguageBenchmarks.app */,
			);
			name = Products;
			sourceTree = "<group>";
		};
		331D3D4F2459144000687CF8 /* LanguageBenchmarks */ = {
			isa = PBXGroup;
			children = (
				331D3D502459144000687CF8 /* AppDelegate.swift */,
				331D3D522459144000687CF8 /* SceneDelegate.swift */,
				331D3D542459144000687CF8 /* ViewController.swift */,
				331D3D562459144000687CF8 /* Main.storyboard */,
				331D3D592459144200687CF8 /* Assets.xcassets */,
				331D3D5B2459144200687CF8 /* LaunchScreen.storyboard */,
				331D3D5E2459144200687CF8 /* Info.plist */,
				331D3D6C245916CC00687CF8 /* Benches */,
				331D3D68245914A300687CF8 /* LanguageBenchmarks-Bridging-Header.h */,
			);
			path = LanguageBenchmarks;
			sourceTree = "<group>";
		};
		331D3D6C245916CC00687CF8 /* Benches */ = {
			isa = PBXGroup;
			children = (
				331D3D642459147900687CF8 /* SwiftyBenches.swift */,
				331D3D69245914A300687CF8 /* ObbyBenches.h */,
				331D3D6A245914A300687CF8 /* ObbyBenches.m */,
			);
			path = Benches;
			sourceTree = "<group>";
		};
/* End PBXGroup section */

/* Begin PBXNativeTarget section */
		331D3D4C2459144000687CF8 /* LanguageBenchmarks */ = {
			isa = PBXNativeTarget;
			buildConfigurationList = 331D3D612459144200687CF8 /* Build configuration list for PBXNativeTarget "LanguageBenchmarks" */;
			buildPhases = (
				331D3D492459144000687CF8 /* Sources */,
				331D3D4A2459144000687CF8 /* Frameworks */,
				331D3D4B2459144000687CF8 /* Resources */,
			);
			buildRules = (
			);
			dependencies = (
			);
			name = LanguageBenchmarks;
			productName = LanguageBenchmarks;
			productReference = 331D3D4D2459144000687CF8 /* LanguageBenchmarks.app */;
			productType = "com.apple.product-type.application";
		};
/* End PBXNativeTarget section */

/* Begin PBXProject section */
		331D3D452459144000687CF8 /* Project object */ = {
			isa = PBXProject;
			attributes = {
				LastSwiftUpdateCheck = 1140;
				LastUpgradeCheck = 1140;
				ORGANIZATIONNAME = "Red_Egg Productions";
				TargetAttributes = {
					331D3D4C2459144000687CF8 = {
						CreatedOnToolsVersion = 11.4.1;
						LastSwiftMigration = 1140;
					};
				};
			};
			buildConfigurationList = 331D3D482459144000687CF8 /* Build configuration list for PBXProject "LanguageBenchmarks" */;
			compatibilityVersion = "Xcode 9.3";
			developmentRegion = en;
			hasScannedForEncodings = 0;
			knownRegions = (
				en,
				Base,
			);
			mainGroup = 331D3D442459144000687CF8;
			productRefGroup = 331D3D4E2459144000687CF8 /* Products */;
			projectDirPath = "";
			projectRoot = "";
			targets = (
				331D3D4C2459144000687CF8 /* LanguageBenchmarks */,
			);
		};
/* End PBXProject section */

/* Begin PBXResourcesBuildPhase section */
		331D3D4B2459144000687CF8 /* Resources */ = {
			isa = PBXResourcesBuildPhase;
			buildActionMask = 2147483647;
			files = (
				331D3D5D2459144200687CF8 /* LaunchScreen.storyboard in Resources */,
				331D3D5A2459144200687CF8 /* Assets.xcassets in Resources */,
				331D3D582459144000687CF8 /* Main.storyboard in Resources */,
			);
			runOnlyForDeploymentPostprocessing = 0;
		};
/* End PBXResourcesBuildPhase section */

/* Begin PBXSourcesBuildPhase section */
		331D3D492459144000687CF8 /* Sources */ = {
			isa = PBXSourcesBuildPhase;
			buildActionMask = 2147483647;
			files = (
				331D3D652459147900687CF8 /* SwiftyBenches.swift in Sources */,
				331D3D552459144000687CF8 /* ViewController.swift in Sources */,
				331D3D512459144000687CF8 /* AppDelegate.swift in Sources */,
				331D3D6B245914A300687CF8 /* ObbyBenches.m in Sources */,
				331D3D532459144000687CF8 /* SceneDelegate.swift in Sources */,
			);
			runOnlyForDeploymentPostprocessing = 0;
		};
/* End PBXSourcesBuildPhase section */

/* Begin PBXVariantGroup section */
		331D3D562459144000687CF8 /* Main.storyboard */ = {
			isa = PBXVariantGroup;
			children = (
				331D3D572459144000687CF8 /* Base */,
			);
			name = Main.storyboard;
			sourceTree = "<group>";
		};
		331D3D5B2459144200687CF8 /* LaunchScreen.storyboard */ = {
			isa = PBXVariantGroup;
			children = (
				331D3D5C2459144200687CF8 /* Base */,
			);
			name = LaunchScreen.storyboard;
			sourceTree = "<group>";
		};
/* End PBXVariantGroup section */

/* Begin XCBuildConfiguration section */
		331D3D5F2459144200687CF8 /* Debug */ = {
			isa = XCBuildConfiguration;
			buildSettings = {
				ALWAYS_SEARCH_USER_PATHS = NO;
				CLANG_ANALYZER_NONNULL = YES;
				CLANG_ANALYZER_NUMBER_OBJECT_CONVERSION = YES_AGGRESSIVE;
				CLANG_CXX_LANGUAGE_STANDARD = "gnu++14";
				CLANG_CXX_LIBRARY = "libc++";
				CLANG_ENABLE_MODULES = YES;
				CLANG_ENABLE_OBJC_ARC = YES;
				CLANG_ENABLE_OBJC_WEAK = YES;
				CLANG_WARN_BLOCK_CAPTURE_AUTORELEASING = YES;
				CLANG_WARN_BOOL_CONVERSION = YES;
				CLANG_WARN_COMMA = YES;
				CLANG_WARN_CONSTANT_CONVERSION = YES;
				CLANG_WARN_DEPRECATED_OBJC_IMPLEMENTATIONS = YES;
				CLANG_WARN_DIRECT_OBJC_ISA_USAGE = YES_ERROR;
				CLANG_WARN_DOCUMENTATION_COMMENTS = YES;
				CLANG_WARN_EMPTY_BODY = YES;
				CLANG_WARN_ENUM_CONVERSION = YES;
				CLANG_WARN_INFINITE_RECURSION = YES;
				CLANG_WARN_INT_CONVERSION = YES;
				CLANG_WARN_NON_LITERAL_NULL_CONVERSION = YES;
				CLANG_WARN_OBJC_IMPLICIT_RETAIN_SELF = YES;
				CLANG_WARN_OBJC_LITERAL_CONVERSION = YES;
				CLANG_WARN_OBJC_ROOT_CLASS = YES_ERROR;
				CLANG_WARN_RANGE_LOOP_ANALYSIS = YES;
				CLANG_WARN_STRICT_PROTOTYPES = YES;
				CLANG_WARN_SUSPICIOUS_MOVE = YES;
				CLANG_WARN_UNGUARDED_AVAILABILITY = YES_AGGRESSIVE;
				CLANG_WARN_UNREACHABLE_CODE = YES;
				CLANG_WARN__DUPLICATE_METHOD_MATCH = YES;
				COPY_PHASE_STRIP = NO;
				DEBUG_INFORMATION_FORMAT = dwarf;
				ENABLE_STRICT_OBJC_MSGSEND = YES;
				ENABLE_TESTABILITY = YES;
				GCC_C_LANGUAGE_STANDARD = gnu11;
				GCC_DYNAMIC_NO_PIC = NO;
				GCC_NO_COMMON_BLOCKS = YES;
				GCC_OPTIMIZATION_LEVEL = 0;
				GCC_PREPROCESSOR_DEFINITIONS = (
					"DEBUG=1",
					"$(inherited)",
				);
				GCC_WARN_64_TO_32_BIT_CONVERSION = YES;
				GCC_WARN_ABOUT_RETURN_TYPE = YES_ERROR;
				GCC_WARN_UNDECLARED_SELECTOR = YES;
				GCC_WARN_UNINITIALIZED_AUTOS = YES_AGGRESSIVE;
				GCC_WARN_UNUSED_FUNCTION = YES;
				GCC_WARN_UNUSED_VARIABLE = YES;
				IPHONEOS_DEPLOYMENT_TARGET = 13.4;
				MTL_ENABLE_DEBUG_INFO = INCLUDE_SOURCE;
				MTL_FAST_MATH = YES;
				ONLY_ACTIVE_ARCH = YES;
				SDKROOT = iphoneos;
				SWIFT_ACTIVE_COMPILATION_CONDITIONS = DEBUG;
				SWIFT_OPTIMIZATION_LEVEL = "-Onone";
			};
			name = Debug;
		};
		331D3D602459144200687CF8 /* Release */ = {
			isa = XCBuildConfiguration;
			buildSettings = {
				ALWAYS_SEARCH_USER_PATHS = NO;
				CLANG_ANALYZER_NONNULL = YES;
				CLANG_ANALYZER_NUMBER_OBJECT_CONVERSION = YES_AGGRESSIVE;
				CLANG_CXX_LANGUAGE_STANDARD = "gnu++14";
				CLANG_CXX_LIBRARY = "libc++";
				CLANG_ENABLE_MODULES = YES;
				CLANG_ENABLE_OBJC_ARC = YES;
				CLANG_ENABLE_OBJC_WEAK = YES;
				CLANG_WARN_BLOCK_CAPTURE_AUTORELEASING = YES;
				CLANG_WARN_BOOL_CONVERSION = YES;
				CLANG_WARN_COMMA = YES;
				CLANG_WARN_CONSTANT_CONVERSION = YES;
				CLANG_WARN_DEPRECATED_OBJC_IMPLEMENTATIONS = YES;
				CLANG_WARN_DIRECT_OBJC_ISA_USAGE = YES_ERROR;
				CLANG_WARN_DOCUMENTATION_COMMENTS = YES;
				CLANG_WARN_EMPTY_BODY = YES;
				CLANG_WARN_ENUM_CONVERSION = YES;
				CLANG_WARN_INFINITE_RECURSION = YES;
				CLANG_WARN_INT_CONVERSION = YES;
				CLANG_WARN_NON_LITERAL_NULL_CONVERSION = YES;
				CLANG_WARN_OBJC_IMPLICIT_RETAIN_SELF = YES;
				CLANG_WARN_OBJC_LITERAL_CONVERSION = YES;
				CLANG_WARN_OBJC_ROOT_CLASS = YES_ERROR;
				CLANG_WARN_RANGE_LOOP_ANALYSIS = YES;
				CLANG_WARN_STRICT_PROTOTYPES = YES;
				CLANG_WARN_SUSPICIOUS_MOVE = YES;
				CLANG_WARN_UNGUARDED_AVAILABILITY = YES_AGGRESSIVE;
				CLANG_WARN_UNREACHABLE_CODE = YES;
				CLANG_WARN__DUPLICATE_METHOD_MATCH = YES;
				COPY_PHASE_STRIP = NO;
				DEBUG_INFORMATION_FORMAT = "dwarf-with-dsym";
				ENABLE_NS_ASSERTIONS = NO;
				ENABLE_STRICT_OBJC_MSGSEND = YES;
				GCC_C_LANGUAGE_STANDARD = gnu11;
				GCC_NO_COMMON_BLOCKS = YES;
				GCC_WARN_64_TO_32_BIT_CONVERSION = YES;
				GCC_WARN_ABOUT_RETURN_TYPE = YES_ERROR;
				GCC_WARN_UNDECLARED_SELECTOR = YES;
				GCC_WARN_UNINITIALIZED_AUTOS = YES_AGGRESSIVE;
				GCC_WARN_UNUSED_FUNCTION = YES;
				GCC_WARN_UNUSED_VARIABLE = YES;
				IPHONEOS_DEPLOYMENT_TARGET = 13.4;
				MTL_ENABLE_DEBUG_INFO = NO;
				MTL_FAST_MATH = YES;
				SDKROOT = iphoneos;
				SWIFT_COMPILATION_MODE = wholemodule;
				SWIFT_OPTIMIZATION_LEVEL = "-O";
				VALIDATE_PRODUCT = YES;
			};
			name = Release;
		};
		331D3D622459144200687CF8 /* Debug */ = {
			isa = XCBuildConfiguration;
			buildSettings = {
				ASSETCATALOG_COMPILER_APPICON_NAME = AppIcon;
				CLANG_ENABLE_MODULES = YES;
				CODE_SIGN_STYLE = Automatic;
				DEVELOPMENT_TEAM = L5UZAT7KA9;
				INFOPLIST_FILE = LanguageBenchmarks/Info.plist;
				LD_RUNPATH_SEARCH_PATHS = (
					"$(inherited)",
					"@executable_path/Frameworks",
				);
				PRODUCT_BUNDLE_IDENTIFIER = com.redeggproductions.LanguageBenchmarks;
				PRODUCT_NAME = "$(TARGET_NAME)";
				SWIFT_OBJC_BRIDGING_HEADER = "LanguageBenchmarks/LanguageBenchmarks-Bridging-Header.h";
				SWIFT_OPTIMIZATION_LEVEL = "-Onone";
				SWIFT_VERSION = 5.0;
				TARGETED_DEVICE_FAMILY = "1,2";
			};
			name = Debug;
		};
		331D3D632459144200687CF8 /* Release */ = {
			isa = XCBuildConfiguration;
			buildSettings = {
				ASSETCATALOG_COMPILER_APPICON_NAME = AppIcon;
				CLANG_ENABLE_MODULES = YES;
				CODE_SIGN_STYLE = Automatic;
				DEVELOPMENT_TEAM = L5UZAT7KA9;
				INFOPLIST_FILE = LanguageBenchmarks/Info.plist;
				LD_RUNPATH_SEARCH_PATHS = (
					"$(inherited)",
					"@executable_path/Frameworks",
				);
				PRODUCT_BUNDLE_IDENTIFIER = com.redeggproductions.LanguageBenchmarks;
				PRODUCT_NAME = "$(TARGET_NAME)";
				SWIFT_OBJC_BRIDGING_HEADER = "LanguageBenchmarks/LanguageBenchmarks-Bridging-Header.h";
				SWIFT_VERSION = 5.0;
				TARGETED_DEVICE_FAMILY = "1,2";
			};
			name = Release;
		};
/* End XCBuildConfiguration section */

/* Begin XCConfigurationList section */
		331D3D482459144000687CF8 /* Build configuration list for PBXProject "LanguageBenchmarks" */ = {
			isa = XCConfigurationList;
			buildConfigurations = (
				331D3D5F2459144200687CF8 /* Debug */,
				331D3D602459144200687CF8 /* Release */,
			);
			defaultConfigurationIsVisible = 0;
			defaultConfigurationName = Release;
		};
		331D3D612459144200687CF8 /* Build configuration list for PBXNativeTarget "LanguageBenchmarks" */ = {
			isa = XCConfigurationList;
			buildConfigurations = (
				331D3D622459144200687CF8 /* Debug */,
				331D3D632459144200687CF8 /* Release */,
			);
			defaultConfigurationIsVisible = 0;
			defaultConfigurationName = Release;
		};
/* End XCConfigurationList section */
	};
	rootObject = 331D3D452459144000687CF8 /* Project object */;
}
